
Microsoft Visual Studio Solution File, Format Version 12.00
# Visual Studio Version 16
VisualStudioVersion = 16.0.31112.23
MinimumVisualStudioVersion = 10.0.40219.1
Project("{FAE04EC0-301F-11D3-BF4B-00C04F79EFBC}") = "RealCalculator", "RealCalculator\RealCalculator.csproj", "{470D294B-0A0B-480B-9BD5-604A6A51D9DB}"
EndProject
Project("{FAE04EC0-301F-11D3-BF4B-00C04F79EFBC}") = "AverageNumber", "AverageNumber\AverageNumber.csproj", "{97FA5014-25B8-4F3D-BC15-F38EB5BB3FF5}"
EndProject
Project("{FAE04EC0-301F-11D3-BF4B-00C04F79EFBC}") = "SwapNumbers", "SwapNumbers\SwapNumbers.csproj", "{003829D7-EF94-4636-AD1D-6CBCCFEA6210}"
EndProject
Project("{FAE04EC0-301F-11D3-BF4B-00C04F79EFBC}") = "FindStatistics", "FindStatistics\FindStatistics.csproj", "{5AAF5558-F68C-4CAB-813A-C665C9558073}"
EndProject
Project("{FAE04EC0-301F-11D3-BF4B-00C04F79EFBC}") = "Task5", "Task5\Task5.csproj", "{EBA22018-B194-47C8-82E7-A3086449DE18}"
EndProject
Global
	GlobalSection(SolutionConfigurationPlatforms) = preSolution
		Debug|Any CPU = Debug|Any CPU
		Release|Any CPU = Release|Any CPU
	EndGlobalSection
	GlobalSection(ProjectConfigurationPlatforms) = postSolution
		{470D294B-0A0B-480B-9BD5-604A6A51D9DB}.Debug|Any CPU.ActiveCfg = Debug|Any CPU
		{470D294B-0A0B-480B-9BD5-604A6A51D9DB}.Debug|Any CPU.Build.0 = Debug|Any CPU
		{470D294B-0A0B-480B-9BD5-604A6A51D9DB}.Release|Any CPU.ActiveCfg = Release|Any CPU
		{470D294B-0A0B-480B-9BD5-604A6A51D9DB}.Release|Any CPU.Build.0 = Release|Any CPU
		{97FA5014-25B8-4F3D-BC15-F38EB5BB3FF5}.Debug|Any CPU.ActiveCfg = Debug|Any CPU
		{97FA5014-25B8-4F3D-BC15-F38EB5BB3FF5}.Debug|Any CPU.Build.0 = Debug|Any CPU
		{97FA5014-25B8-4F3D-BC15-F38EB5BB3FF5}.Release|Any CPU.ActiveCfg = Release|Any CPU
		{97FA5014-25B8-4F3D-BC15-F38EB5BB3FF5}.Release|Any CPU.Build.0 = Release|Any CPU
		{003829D7-EF94-4636-AD1D-6CBCCFEA6210}.Debug|Any CPU.ActiveCfg = Debug|Any CPU
		{003829D7-EF94-4636-AD1D-6CBCCFEA6210}.Debug|Any CPU.Build.0 = Debug|Any CPU
		{003829D7-EF94-4636-AD1D-6CBCCFEA6210}.Release|Any CPU.ActiveCfg = Release|Any CPU
		{003829D7-EF94-4636-AD1D-6CBCCFEA6210}.Release|Any CPU.Build.0 = Release|Any CPU
		{5AAF5558-F68C-4CAB-813A-C665C9558073}.Debug|Any CPU.ActiveCfg = Debug|Any CPU
		{5AAF5558-F68C-4CAB-813A-C665C9558073}.Debug|Any CPU.Build.0 = Debug|Any CPU
		{5AAF5558-F68C-4CAB-813A-C665C9558073}.Release|Any CPU.ActiveCfg = Release|Any CPU
		{5AAF5558-F68C-4CAB-813A-C665C9558073}.Release|Any CPU.Build.0 = Release|Any CPU
		{EBA22018-B194-47C8-82E7-A3086449DE18}.Debug|Any CPU.ActiveCfg = Debug|Any CPU
		{EBA22018-B194-47C8-82E7-A3086449DE18}.Debug|Any CPU.Build.0 = Debug|Any CPU
		{EBA22018-B194-47C8-82E7-A3086449DE18}.Release|Any CPU.ActiveCfg = Release|Any CPU
		{EBA22018-B194-47C8-82E7-A3086449DE18}.Release|Any CPU.Build.0 = Release|Any CPU
	EndGlobalSection
	GlobalSection(SolutionProperties) = preSolution
		HideSolutionNode = FALSE
	EndGlobalSection
	GlobalSection(ExtensibilityGlobals) = postSolution
		SolutionGuid = {01141435-9402-4BDC-BCFC-7EC370F3A9EE}
	EndGlobalSection
EndGlobal
