
Microsoft Visual Studio Solution File, Format Version 12.00
# Visual Studio Version 16
VisualStudioVersion = 16.0.31205.134
MinimumVisualStudioVersion = 10.0.40219.1
Project("{9A19103F-16F7-4668-BE54-9A1E7A4F7556}") = "Task1.Domain", "Task1.Domain\Task1.Domain.csproj", "{FCEEAADB-ECA7-4B00-8C49-4D6991BFD3B9}"
EndProject
Project("{9A19103F-16F7-4668-BE54-9A1E7A4F7556}") = "Task1.App", "Task1.App\Task1.App.csproj", "{B547BB6D-FA85-4467-8516-658A7CB9E782}"
EndProject
Project("{FAE04EC0-301F-11D3-BF4B-00C04F79EFBC}") = "Task2.Domain", "Task2.Domain\Task2.Domain.csproj", "{21900725-BE15-4B38-AB06-CE412282B818}"
EndProject
Project("{FAE04EC0-301F-11D3-BF4B-00C04F79EFBC}") = "Task2.App", "Task2.App\Task2.App.csproj", "{A0182505-8E77-4FD3-8FCC-90A6B51A76F6}"
EndProject
Global
	GlobalSection(SolutionConfigurationPlatforms) = preSolution
		Debug|Any CPU = Debug|Any CPU
		Release|Any CPU = Release|Any CPU
	EndGlobalSection
	GlobalSection(ProjectConfigurationPlatforms) = postSolution
		{FCEEAADB-ECA7-4B00-8C49-4D6991BFD3B9}.Debug|Any CPU.ActiveCfg = Debug|Any CPU
		{FCEEAADB-ECA7-4B00-8C49-4D6991BFD3B9}.Debug|Any CPU.Build.0 = Debug|Any CPU
		{FCEEAADB-ECA7-4B00-8C49-4D6991BFD3B9}.Release|Any CPU.ActiveCfg = Release|Any CPU
		{FCEEAADB-ECA7-4B00-8C49-4D6991BFD3B9}.Release|Any CPU.Build.0 = Release|Any CPU
		{B547BB6D-FA85-4467-8516-658A7CB9E782}.Debug|Any CPU.ActiveCfg = Debug|Any CPU
		{B547BB6D-FA85-4467-8516-658A7CB9E782}.Debug|Any CPU.Build.0 = Debug|Any CPU
		{B547BB6D-FA85-4467-8516-658A7CB9E782}.Release|Any CPU.ActiveCfg = Release|Any CPU
		{B547BB6D-FA85-4467-8516-658A7CB9E782}.Release|Any CPU.Build.0 = Release|Any CPU
		{21900725-BE15-4B38-AB06-CE412282B818}.Debug|Any CPU.ActiveCfg = Debug|Any CPU
		{21900725-BE15-4B38-AB06-CE412282B818}.Debug|Any CPU.Build.0 = Debug|Any CPU
		{21900725-BE15-4B38-AB06-CE412282B818}.Release|Any CPU.ActiveCfg = Release|Any CPU
		{21900725-BE15-4B38-AB06-CE412282B818}.Release|Any CPU.Build.0 = Release|Any CPU
		{A0182505-8E77-4FD3-8FCC-90A6B51A76F6}.Debug|Any CPU.ActiveCfg = Debug|Any CPU
		{A0182505-8E77-4FD3-8FCC-90A6B51A76F6}.Debug|Any CPU.Build.0 = Debug|Any CPU
		{A0182505-8E77-4FD3-8FCC-90A6B51A76F6}.Release|Any CPU.ActiveCfg = Release|Any CPU
		{A0182505-8E77-4FD3-8FCC-90A6B51A76F6}.Release|Any CPU.Build.0 = Release|Any CPU
	EndGlobalSection
	GlobalSection(SolutionProperties) = preSolution
		HideSolutionNode = FALSE
	EndGlobalSection
	GlobalSection(ExtensibilityGlobals) = postSolution
		SolutionGuid = {427CA17B-34BD-4A15-B330-FF13342119F2}
	EndGlobalSection
EndGlobal
