
Microsoft Visual Studio Solution File, Format Version 12.00
# Visual Studio Version 16
VisualStudioVersion = 16.0.31129.286
MinimumVisualStudioVersion = 10.0.40219.1
Project("{9A19103F-16F7-4668-BE54-9A1E7A4F7556}") = "Task1", "Task1\Task1.csproj", "{9E7907F8-3EB8-49A7-AA8E-973DF20AEB97}"
EndProject
Project("{9A19103F-16F7-4668-BE54-9A1E7A4F7556}") = "Task2", "Task2\Task2.csproj", "{B67D8B4A-2A33-4EB2-A958-FD4EBA8D3491}"
EndProject
Project("{9A19103F-16F7-4668-BE54-9A1E7A4F7556}") = "Task3", "Task3\Task3.csproj", "{9E661349-54AD-481B-B091-422FCEFDFB18}"
EndProject
Project("{9A19103F-16F7-4668-BE54-9A1E7A4F7556}") = "Domain", "Domain\Domain.csproj", "{EC69822F-FFD8-408F-A92E-A1CB254E9738}"
EndProject
Project("{FAE04EC0-301F-11D3-BF4B-00C04F79EFBC}") = "Task4 Bonus", "Task4 Bonus\Task4 Bonus.csproj", "{FC2B63F5-C227-4754-A159-4A7CDBBE00DF}"
EndProject
Project("{FAE04EC0-301F-11D3-BF4B-00C04F79EFBC}") = "Domain Bonus", "Domain Bonus\Domain Bonus.csproj", "{D8661FAA-70C1-40A3-B7F8-1F4AC34A39D9}"
EndProject
Global
	GlobalSection(SolutionConfigurationPlatforms) = preSolution
		Debug|Any CPU = Debug|Any CPU
		Release|Any CPU = Release|Any CPU
	EndGlobalSection
	GlobalSection(ProjectConfigurationPlatforms) = postSolution
		{9E7907F8-3EB8-49A7-AA8E-973DF20AEB97}.Debug|Any CPU.ActiveCfg = Debug|Any CPU
		{9E7907F8-3EB8-49A7-AA8E-973DF20AEB97}.Debug|Any CPU.Build.0 = Debug|Any CPU
		{9E7907F8-3EB8-49A7-AA8E-973DF20AEB97}.Release|Any CPU.ActiveCfg = Release|Any CPU
		{9E7907F8-3EB8-49A7-AA8E-973DF20AEB97}.Release|Any CPU.Build.0 = Release|Any CPU
		{B67D8B4A-2A33-4EB2-A958-FD4EBA8D3491}.Debug|Any CPU.ActiveCfg = Debug|Any CPU
		{B67D8B4A-2A33-4EB2-A958-FD4EBA8D3491}.Debug|Any CPU.Build.0 = Debug|Any CPU
		{B67D8B4A-2A33-4EB2-A958-FD4EBA8D3491}.Release|Any CPU.ActiveCfg = Release|Any CPU
		{B67D8B4A-2A33-4EB2-A958-FD4EBA8D3491}.Release|Any CPU.Build.0 = Release|Any CPU
		{9E661349-54AD-481B-B091-422FCEFDFB18}.Debug|Any CPU.ActiveCfg = Debug|Any CPU
		{9E661349-54AD-481B-B091-422FCEFDFB18}.Debug|Any CPU.Build.0 = Debug|Any CPU
		{9E661349-54AD-481B-B091-422FCEFDFB18}.Release|Any CPU.ActiveCfg = Release|Any CPU
		{9E661349-54AD-481B-B091-422FCEFDFB18}.Release|Any CPU.Build.0 = Release|Any CPU
		{EC69822F-FFD8-408F-A92E-A1CB254E9738}.Debug|Any CPU.ActiveCfg = Debug|Any CPU
		{EC69822F-FFD8-408F-A92E-A1CB254E9738}.Debug|Any CPU.Build.0 = Debug|Any CPU
		{EC69822F-FFD8-408F-A92E-A1CB254E9738}.Release|Any CPU.ActiveCfg = Release|Any CPU
		{EC69822F-FFD8-408F-A92E-A1CB254E9738}.Release|Any CPU.Build.0 = Release|Any CPU
		{FC2B63F5-C227-4754-A159-4A7CDBBE00DF}.Debug|Any CPU.ActiveCfg = Debug|Any CPU
		{FC2B63F5-C227-4754-A159-4A7CDBBE00DF}.Debug|Any CPU.Build.0 = Debug|Any CPU
		{FC2B63F5-C227-4754-A159-4A7CDBBE00DF}.Release|Any CPU.ActiveCfg = Release|Any CPU
		{FC2B63F5-C227-4754-A159-4A7CDBBE00DF}.Release|Any CPU.Build.0 = Release|Any CPU
		{D8661FAA-70C1-40A3-B7F8-1F4AC34A39D9}.Debug|Any CPU.ActiveCfg = Debug|Any CPU
		{D8661FAA-70C1-40A3-B7F8-1F4AC34A39D9}.Debug|Any CPU.Build.0 = Debug|Any CPU
		{D8661FAA-70C1-40A3-B7F8-1F4AC34A39D9}.Release|Any CPU.ActiveCfg = Release|Any CPU
		{D8661FAA-70C1-40A3-B7F8-1F4AC34A39D9}.Release|Any CPU.Build.0 = Release|Any CPU
	EndGlobalSection
	GlobalSection(SolutionProperties) = preSolution
		HideSolutionNode = FALSE
	EndGlobalSection
	GlobalSection(ExtensibilityGlobals) = postSolution
		SolutionGuid = {042D6D11-410D-4730-88C1-3D53300D0530}
	EndGlobalSection
EndGlobal
